
Microsoft Visual Studio Solution File, Format Version 12.00
# Visual Studio Version 17
VisualStudioVersion = 17.6.33829.357
MinimumVisualStudioVersion = 10.0.40219.1
Project("{FAE04EC0-301F-11D3-BF4B-00C04F79EFBC}") = "Hola mundo", "Hola mundo\Hola mundo.csproj", "{D2CE8FB5-5E68-43DB-A25D-99A20CBA2FC4}"
EndProject
Global
	GlobalSection(SolutionConfigurationPlatforms) = preSolution
		Debug|Any CPU = Debug|Any CPU
		Release|Any CPU = Release|Any CPU
	EndGlobalSection
	GlobalSection(ProjectConfigurationPlatforms) = postSolution
		{D2CE8FB5-5E68-43DB-A25D-99A20CBA2FC4}.Debug|Any CPU.ActiveCfg = Debug|Any CPU
		{D2CE8FB5-5E68-43DB-A25D-99A20CBA2FC4}.Debug|Any CPU.Build.0 = Debug|Any CPU
		{D2CE8FB5-5E68-43DB-A25D-99A20CBA2FC4}.Release|Any CPU.ActiveCfg = Release|Any CPU
		{D2CE8FB5-5E68-43DB-A25D-99A20CBA2FC4}.Release|Any CPU.Build.0 = Release|Any CPU
	EndGlobalSection
	GlobalSection(SolutionProperties) = preSolution
		HideSolutionNode = FALSE
	EndGlobalSection
	GlobalSection(ExtensibilityGlobals) = postSolution
		SolutionGuid = {A710F1A7-4566-496A-9EB7-AD6D5A4F12B7}
	EndGlobalSection
EndGlobal
