
Microsoft Visual Studio Solution File, Format Version 12.00
# Visual Studio Version 17
VisualStudioVersion = 17.6.33829.357
MinimumVisualStudioVersion = 10.0.40219.1
Project("{FAE04EC0-301F-11D3-BF4B-00C04F79EFBC}") = "ImprimerNombre", "ImprimerNombre\ImprimerNombre.csproj", "{3A31D650-F6CC-4C98-8168-ED3AFCF6ED0B}"
EndProject
Global
	GlobalSection(SolutionConfigurationPlatforms) = preSolution
		Debug|Any CPU = Debug|Any CPU
		Release|Any CPU = Release|Any CPU
	EndGlobalSection
	GlobalSection(ProjectConfigurationPlatforms) = postSolution
		{3A31D650-F6CC-4C98-8168-ED3AFCF6ED0B}.Debug|Any CPU.ActiveCfg = Debug|Any CPU
		{3A31D650-F6CC-4C98-8168-ED3AFCF6ED0B}.Debug|Any CPU.Build.0 = Debug|Any CPU
		{3A31D650-F6CC-4C98-8168-ED3AFCF6ED0B}.Release|Any CPU.ActiveCfg = Release|Any CPU
		{3A31D650-F6CC-4C98-8168-ED3AFCF6ED0B}.Release|Any CPU.Build.0 = Release|Any CPU
	EndGlobalSection
	GlobalSection(SolutionProperties) = preSolution
		HideSolutionNode = FALSE
	EndGlobalSection
	GlobalSection(ExtensibilityGlobals) = postSolution
		SolutionGuid = {7DB7D2D2-787D-431D-B5A9-13A1C3DAA915}
	EndGlobalSection
EndGlobal
